{
  "name": "proxy-mcproxy",
  "version": "0.0.1005",
  "lockfileVersion": 1,
  "requires": true,
  "dependencies": {
    "@types/core-js": {
      "version": "https://registry.npmjs.org/@types/core-js/-/core-js-0.9.43.tgz",
      "integrity": "sha1-ZdZGxejAzRve43BleZ+dPUh0glM=",
      "dev": true
    },
    "@types/node": {
      "version": "https://registry.npmjs.org/@types/node/-/node-8.0.30.tgz",
      "integrity": "sha1-qjxClG/GNXc36yFTSf5yizhnnQU=",
      "dev": true
    },
    "freeze-existing-props": {
      "version": "https://registry.npmjs.org/freeze-existing-props/-/freeze-existing-props-0.0.1001.tgz",
      "integrity": "sha1-fpMzu+sauu0XAm70/ULgvs/Gyp4="
    },
    "proxy-polyfill": {
      "version": "0.1.7",
      "resolved": "https://registry.npmjs.org/proxy-polyfill/-/proxy-polyfill-0.1.7.tgz",
      "integrity": "sha1-HAb+ELC2BueSaOFNRSiVLmQDbTk="
    }
  }
}
