{
  "name": "proxy-mcproxy",
  "version": "0.0.1006",
  "lockfileVersion": 1,
  "requires": true,
  "dependencies": {
    "@types/core-js": {
      "version": "https://registry.npmjs.org/@types/core-js/-/core-js-0.9.43.tgz",
      "integrity": "sha1-ZdZGxejAzRve43BleZ+dPUh0glM=",
      "dev": true
    },
    "@types/node": {
      "version": "https://registry.npmjs.org/@types/node/-/node-8.0.30.tgz",
      "integrity": "sha1-qjxClG/GNXc36yFTSf5yizhnnQU=",
      "dev": true
    },
    "freeze-existing-props": {
      "version": "0.0.1002",
      "resolved": "https://registry.npmjs.org/freeze-existing-props/-/freeze-existing-props-0.0.1002.tgz",
      "integrity": "sha1-Xt0My7AXtURiKyZd9srZWcTgdcQ="
    }
  }
}
